Microsoft Visual Studio Solution File, Format Version 12.00
# Visual Studio Version 17
VisualStudioVersion = 17.5.2.0
MinimumVisualStudioVersion = 10.0.40219.1
Project("{FAE04EC0-301F-11D3-BF4B-00C04F79EFBC}") = "ETLProcessorApp", "ETLProcessorApp.csproj", "{8CD97EB2-F307-F149-6FB1-CBBD58FB3C9D}"
EndProject
Global
	GlobalSection(SolutionConfigurationPlatforms) = preSolution
		Debug|Any CPU = Debug|Any CPU
		Release|Any CPU = Release|Any CPU
	EndGlobalSection
	GlobalSection(ProjectConfigurationPlatforms) = postSolution
		{8CD97EB2-F307-F149-6FB1-CBBD58FB3C9D}.Debug|Any CPU.ActiveCfg = Debug|Any CPU
		{8CD97EB2-F307-F149-6FB1-CBBD58FB3C9D}.Debug|Any CPU.Build.0 = Debug|Any CPU
		{8CD97EB2-F307-F149-6FB1-CBBD58FB3C9D}.Release|Any CPU.ActiveCfg = Release|Any CPU
		{8CD97EB2-F307-F149-6FB1-CBBD58FB3C9D}.Release|Any CPU.Build.0 = Release|Any CPU
	EndGlobalSection
	GlobalSection(SolutionProperties) = preSolution
		HideSolutionNode = FALSE
	EndGlobalSection
	GlobalSection(ExtensibilityGlobals) = postSolution
		SolutionGuid = {6B1A4E36-7C92-431B-9AD7-F3A223225C4F}
	EndGlobalSection
EndGlobal
